
Microsoft Visual Studio Solution File, Format Version 12.00
# Visual Studio Version 16
VisualStudioVersion = 16.0.29509.3
MinimumVisualStudioVersion = 10.0.40219.1
Project("{FAE04EC0-301F-11D3-BF4B-00C04F79EFBC}") = "NorthwindCustomers", "NorthwindCustomers\NorthwindCustomers.csproj", "{C2E06F1D-DF0B-40AA-8280-58DB6FD7314A}"
EndProject
Global
	GlobalSection(SolutionConfigurationPlatforms) = preSolution
		Debug|Any CPU = Debug|Any CPU
		Release|Any CPU = Release|Any CPU
	EndGlobalSection
	GlobalSection(ProjectConfigurationPlatforms) = postSolution
		{C2E06F1D-DF0B-40AA-8280-58DB6FD7314A}.Debug|Any CPU.ActiveCfg = Debug|Any CPU
		{C2E06F1D-DF0B-40AA-8280-58DB6FD7314A}.Debug|Any CPU.Build.0 = Debug|Any CPU
		{C2E06F1D-DF0B-40AA-8280-58DB6FD7314A}.Release|Any CPU.ActiveCfg = Release|Any CPU
		{C2E06F1D-DF0B-40AA-8280-58DB6FD7314A}.Release|Any CPU.Build.0 = Release|Any CPU
	EndGlobalSection
	GlobalSection(SolutionProperties) = preSolution
		HideSolutionNode = FALSE
	EndGlobalSection
	GlobalSection(ExtensibilityGlobals) = postSolution
		SolutionGuid = {35C08A8F-1512-4B53-91AA-3C835C006620}
	EndGlobalSection
EndGlobal
